{
  "name": "can-rich-use",
  "version": "1.0.0",
  "lockfileVersion": 2,
  "requires": true,
  "packages": {
    "": {
      "name": "can-rich-use",
      "version": "1.0.0",
      "license": "ISC",
      "dependencies": {
        "caniuse-lite": "^1.0.30001325"
      }
    },
    "node_modules/caniuse-lite": {
      "version": "1.0.30001325",
      "resolved": "https://registry.npmmirror.com/caniuse-lite/-/caniuse-lite-1.0.30001325.tgz",
      "integrity": "sha512-sB1bZHjseSjDtijV1Hb7PB2Zd58Kyx+n/9EotvZ4Qcz2K3d0lWB8dB4nb8wN/TsOGFq3UuAm0zQZNQ4SoR7TrQ==",
      "license": "CC-BY-4.0"
    }
  },
  "dependencies": {
    "caniuse-lite": {
      "version": "1.0.30001325",
      "resolved": "https://registry.npmmirror.com/caniuse-lite/-/caniuse-lite-1.0.30001325.tgz",
      "integrity": "sha512-sB1bZHjseSjDtijV1Hb7PB2Zd58Kyx+n/9EotvZ4Qcz2K3d0lWB8dB4nb8wN/TsOGFq3UuAm0zQZNQ4SoR7TrQ=="
    }
  }
}
